lockfile_version: '1'
generated_at: '2026-09-04T09:06:57.012587+00:00'
apm_version: 0.28.0
dependencies:
- repo_url: netcracker/qubership-ai-packages
  materialization_repo_url: Netcracker/qubership-ai-packages
  name: adversarial-code-review
  host: github.com
  resolved_commit: 86740827df65b3447135d7af13a42c8076069153
  resolved_ref: 86740827df65b3447135d7af13a42c8076069153
  version: 1.0.1
  virtual_path: agent-packages/adversarial-code-review
  is_virtual: true
  package_type: apm_package
  content_hash: sha256:4d95bf64f8cc123fe519decee4c2b2e9106b0731fd91bc2dda63564a9fa04f7b
deployments: []
